
Microsoft Visual Studio Solution File, Format Version 12.00
# Visual Studio Version 17
VisualStudioVersion = 17.12.35514.174
MinimumVisualStudioVersion = 10.0.40219.1
Project("{2150E333-8FDC-42A3-9474-1A3956D46DE8}") = "Bootstrapper", "Bootstrapper", "{8FD35811-49A2-4AE3-9108-C474D2C2DEEA}"
EndProject
Project("{2150E333-8FDC-42A3-9474-1A3956D46DE8}") = "Modules", "Modules", "{28C93BA1-C843-41F0-BD15-8473071397D1}"
EndProject
Project("{2150E333-8FDC-42A3-9474-1A3956D46DE8}") = "Shared", "Shared", "{3BD0A3D6-29D3-4BC3-879A-94C4EEC1CBC4}"
EndProject
Project("{FAE04EC0-301F-11D3-BF4B-00C04F79EFBC}") = "Api", "Bootstrapper\Api\Api.csproj", "{4A28B815-3C5D-41CC-822E-512A7CA6E97A}"
EndProject
Project("{2150E333-8FDC-42A3-9474-1A3956D46DE8}") = "Catalog", "Catalog", "{DDAE1FD9-FB68-4880-9366-F93691B0AB74}"
EndProject
Project("{2150E333-8FDC-42A3-9474-1A3956D46DE8}") = "Basket", "Basket", "{DCB8D655-EC5C-4AF7-925D-AA298D0570BF}"
EndProject
Project("{2150E333-8FDC-42A3-9474-1A3956D46DE8}") = "Ordering", "Ordering", "{6A4CBB20-BA8C-4EFF-B265-0D0FFDF7CB9A}"
EndProject
Project("{FAE04EC0-301F-11D3-BF4B-00C04F79EFBC}") = "Catalog", "Modules\Catalog\Catalog\Catalog.csproj", "{B335D994-61EB-4AE7-B93C-1B630D1F27B5}"
EndProject
Project("{FAE04EC0-301F-11D3-BF4B-00C04F79EFBC}") = "Basket", "Modules\Basket\Basket\Basket.csproj", "{472B60FF-F25B-402F-A8BF-D7F2FF93EB3A}"
EndProject
Project("{FAE04EC0-301F-11D3-BF4B-00C04F79EFBC}") = "Ordering", "Modules\Ordering\Ordering\Ordering.csproj", "{913A484B-5411-4E17-8BF3-F5B3C5A9FE1A}"
EndProject
Project("{FAE04EC0-301F-11D3-BF4B-00C04F79EFBC}") = "Shared", "Shared\Shared\Shared.csproj", "{7B83B8CF-C9A4-41B6-9EC4-C429BC976E82}"
EndProject
Global
	GlobalSection(SolutionConfigurationPlatforms) = preSolution
		Debug|Any CPU = Debug|Any CPU
		Release|Any CPU = Release|Any CPU
	EndGlobalSection
	GlobalSection(ProjectConfigurationPlatforms) = postSolution
		{4A28B815-3C5D-41CC-822E-512A7CA6E97A}.Debug|Any CPU.ActiveCfg = Debug|Any CPU
		{4A28B815-3C5D-41CC-822E-512A7CA6E97A}.Debug|Any CPU.Build.0 = Debug|Any CPU
		{4A28B815-3C5D-41CC-822E-512A7CA6E97A}.Release|Any CPU.ActiveCfg = Release|Any CPU
		{4A28B815-3C5D-41CC-822E-512A7CA6E97A}.Release|Any CPU.Build.0 = Release|Any CPU
		{B335D994-61EB-4AE7-B93C-1B630D1F27B5}.Debug|Any CPU.ActiveCfg = Debug|Any CPU
		{B335D994-61EB-4AE7-B93C-1B630D1F27B5}.Debug|Any CPU.Build.0 = Debug|Any CPU
		{B335D994-61EB-4AE7-B93C-1B630D1F27B5}.Release|Any CPU.ActiveCfg = Release|Any CPU
		{B335D994-61EB-4AE7-B93C-1B630D1F27B5}.Release|Any CPU.Build.0 = Release|Any CPU
		{472B60FF-F25B-402F-A8BF-D7F2FF93EB3A}.Debug|Any CPU.ActiveCfg = Debug|Any CPU
		{472B60FF-F25B-402F-A8BF-D7F2FF93EB3A}.Debug|Any CPU.Build.0 = Debug|Any CPU
		{472B60FF-F25B-402F-A8BF-D7F2FF93EB3A}.Release|Any CPU.ActiveCfg = Release|Any CPU
		{472B60FF-F25B-402F-A8BF-D7F2FF93EB3A}.Release|Any CPU.Build.0 = Release|Any CPU
		{913A484B-5411-4E17-8BF3-F5B3C5A9FE1A}.Debug|Any CPU.ActiveCfg = Debug|Any CPU
		{913A484B-5411-4E17-8BF3-F5B3C5A9FE1A}.Debug|Any CPU.Build.0 = Debug|Any CPU
		{913A484B-5411-4E17-8BF3-F5B3C5A9FE1A}.Release|Any CPU.ActiveCfg = Release|Any CPU
		{913A484B-5411-4E17-8BF3-F5B3C5A9FE1A}.Release|Any CPU.Build.0 = Release|Any CPU
		{7B83B8CF-C9A4-41B6-9EC4-C429BC976E82}.Debug|Any CPU.ActiveCfg = Debug|Any CPU
		{7B83B8CF-C9A4-41B6-9EC4-C429BC976E82}.Debug|Any CPU.Build.0 = Debug|Any CPU
		{7B83B8CF-C9A4-41B6-9EC4-C429BC976E82}.Release|Any CPU.ActiveCfg = Release|Any CPU
		{7B83B8CF-C9A4-41B6-9EC4-C429BC976E82}.Release|Any CPU.Build.0 = Release|Any CPU
	EndGlobalSection
	GlobalSection(SolutionProperties) = preSolution
		HideSolutionNode = FALSE
	EndGlobalSection
	GlobalSection(NestedProjects) = preSolution
		{4A28B815-3C5D-41CC-822E-512A7CA6E97A} = {8FD35811-49A2-4AE3-9108-C474D2C2DEEA}
		{DDAE1FD9-FB68-4880-9366-F93691B0AB74} = {28C93BA1-C843-41F0-BD15-8473071397D1}
		{DCB8D655-EC5C-4AF7-925D-AA298D0570BF} = {28C93BA1-C843-41F0-BD15-8473071397D1}
		{6A4CBB20-BA8C-4EFF-B265-0D0FFDF7CB9A} = {28C93BA1-C843-41F0-BD15-8473071397D1}
		{B335D994-61EB-4AE7-B93C-1B630D1F27B5} = {DDAE1FD9-FB68-4880-9366-F93691B0AB74}
		{472B60FF-F25B-402F-A8BF-D7F2FF93EB3A} = {DCB8D655-EC5C-4AF7-925D-AA298D0570BF}
		{913A484B-5411-4E17-8BF3-F5B3C5A9FE1A} = {6A4CBB20-BA8C-4EFF-B265-0D0FFDF7CB9A}
		{7B83B8CF-C9A4-41B6-9EC4-C429BC976E82} = {3BD0A3D6-29D3-4BC3-879A-94C4EEC1CBC4}
	EndGlobalSection
EndGlobal
